
Microsoft Visual Studio Solution File, Format Version 12.00
# Visual Studio 15
VisualStudioVersion = 15.0.27130.2024
MinimumVisualStudioVersion = 10.0.40219.1
Project("{D954291E-2A0B-460D-934E-DC6B0785DB48}") = "Lego.Ev3.Android", "Lego.Ev3.Android\Lego.Ev3.Android.shproj", "{3D55E59F-C5E1-473F-ABFD-36E8B0DDAB81}"
EndProject
Global
	GlobalSection(SharedMSBuildProjectFiles) = preSolution
		Lego.Ev3.Android\Lego.Ev3.Android.projitems*{3d55e59f-c5e1-473f-abfd-36e8b0ddab81}*SharedItemsImports = 13
	EndGlobalSection
	GlobalSection(SolutionConfigurationPlatforms) = preSolution
		Debug|Any CPU = Debug|Any CPU
		Release|Any CPU = Release|Any CPU
	EndGlobalSection
	GlobalSection(SolutionProperties) = preSolution
		HideSolutionNode = FALSE
	EndGlobalSection
	GlobalSection(ExtensibilityGlobals) = postSolution
		SolutionGuid = {953E60B2-A1DF-46BF-B5CA-5A6F624DCFDB}
	EndGlobalSection
EndGlobal
